<Solution>
  <Folder Name="/src/">
    <Project Path="src/Todo.Application/Todo.Application.csproj" />
    <Project Path="src/Todo.Domain/Todo.Domain.csproj" />
  </Folder>
  <Folder Name="/tests/">
    <Project Path="tests/Todo.Application.UnitTests/Todo.Application.UnitTests.csproj" />
    <Project Path="tests/Todo.Domain.UnitTests/Todo.Domain.UnitTests.csproj" />
  </Folder>
</Solution>
